// !$*UTF8*$!
{
	archiveVersion = 1;
	classes = {
	};
	objectVersion = 56;
	objects = {

/* Begin PBXBuildFile section */
		B152F97C2D0692EF0043A93A /* AppDelegate.swift in Sources */ = {isa = PBXBuildFile; fileRef = B152F97B2D0692EF0043A93A /* AppDelegate.swift */; };
		B152F97E2D0692EF0043A93A /* SceneDelegate.swift in Sources */ = {isa = PBXBuildFile; fileRef = B152F97D2D0692EF0043A93A /* SceneDelegate.swift */; };
		B152F9802D0692EF0043A93A /* ViewController.swift in Sources */ = {isa = PBXBuildFile; fileRef = B152F97F2D0692EF0043A93A /* ViewController.swift */; };
		B152F9832D0692EF0043A93A /* Main.storyboard in Resources */ = {isa = PBXBuildFile; fileRef = B152F9812D0692EF0043A93A /* Main.storyboard */; };
		B152F9852D0692F10043A93A /* Assets.xcassets in Resources */ = {isa = PBXBuildFile; fileRef = B152F9842D0692F10043A93A /* Assets.xcassets */; };
		B152F9882D0692F10043A93A /* LaunchScreen.storyboard in Resources */ = {isa = PBXBuildFile; fileRef = B152F9862D0692F10043A93A /* LaunchScreen.storyboard */; };
		B152F9902D0693750043A93A /* GoogleService-Info.plist in Resources */ = {isa = PBXBuildFile; fileRef = B152F98F2D0693750043A93A /* GoogleService-Info.plist */; };
		B152F9932D0694B10043A93A /* FirebaseAuth in Frameworks */ = {isa = PBXBuildFile; productRef = B152F9922D0694B10043A93A /* FirebaseAuth */; };
		B152F9952D0694B10043A93A /* FirebaseAuthCombine-Community in Frameworks */ = {isa = PBXBuildFile; productRef = B152F9942D0694B10043A93A /* FirebaseAuthCombine-Community */; };
		B152F9972D0694B10043A93A /* FirebaseDatabase in Frameworks */ = {isa = PBXBuildFile; productRef = B152F9962D0694B10043A93A /* FirebaseDatabase */; };
		B152F9992D0694B10043A93A /* FirebaseFirestore in Frameworks */ = {isa = PBXBuildFile; productRef = B152F9982D0694B10043A93A /* FirebaseFirestore */; };
		B152F99B2D0694B10043A93A /* FirebaseFirestoreCombine-Community in Frameworks */ = {isa = PBXBuildFile; productRef = B152F99A2D0694B10043A93A /* FirebaseFirestoreCombine-Community */; };
		B152F99D2D0694B10043A93A /* FirebaseStorage in Frameworks */ = {isa = PBXBuildFile; productRef = B152F99C2D0694B10043A93A /* FirebaseStorage */; };
		B152F99F2D0694B10043A93A /* FirebaseStorageCombine-Community in Frameworks */ = {isa = PBXBuildFile; productRef = B152F99E2D0694B10043A93A /* FirebaseStorageCombine-Community */; };
		B1C681C22D0BBAAE0015EBF2 /* registerUserViewController.swift in Sources */ = {isa = PBXBuildFile; fileRef = B1C681C12D0BBAAE0015EBF2 /* registerUserViewController.swift */; };
		B1C681C42D0BBAC50015EBF2 /* loginViewController.swift in Sources */ = {isa = PBXBuildFile; fileRef = B1C681C32D0BBAC50015EBF2 /* loginViewController.swift */; };
		B1C681C62D0BFD170015EBF2 /* HomeViewController.swift in Sources */ = {isa = PBXBuildFile; fileRef = B1C681C52D0BFD170015EBF2 /* HomeViewController.swift */; };
		B1C681C82D0BFD580015EBF2 /* profileViewController.swift in Sources */ = {isa = PBXBuildFile; fileRef = B1C681C72D0BFD580015EBF2 /* profileViewController.swift */; };
		B1C681CA2D0C01940015EBF2 /* Tweet.swift in Sources */ = {isa = PBXBuildFile; fileRef = B1C681C92D0C01940015EBF2 /* Tweet.swift */; };
		B1C681CC2D0C19BB0015EBF2 /* TweetCellTableViewCell.swift in Sources */ = {isa = PBXBuildFile; fileRef = B1C681CB2D0C19BB0015EBF2 /* TweetCellTableViewCell.swift */; };
		B1C681CF2D0C1B020015EBF2 /* Alamofire in Frameworks */ = {isa = PBXBuildFile; productRef = B1C681CE2D0C1B020015EBF2 /* Alamofire */; };
/* End PBXBuildFile section */

/* Begin PBXFileReference section */
		B152F9782D0692EF0043A93A /* ChaskiAppPf.app */ = {isa = PBXFileReference; explicitFileType = wrapper.application; includeInIndex = 0; path = ChaskiAppPf.app; sourceTree = BUILT_PRODUCTS_DIR; };
		B152F97B2D0692EF0043A93A /* AppDelegate.swift */ = {isa = PBXFileReference; lastKnownFileType = sourcecode.swift; path = AppDelegate.swift; sourceTree = "<group>"; };
		B152F97D2D0692EF0043A93A /* SceneDelegate.swift */ = {isa = PBXFileReference; lastKnownFileType = sourcecode.swift; path = SceneDelegate.swift; sourceTree = "<group>"; };
		B152F97F2D0692EF0043A93A /* ViewController.swift */ = {isa = PBXFileReference; lastKnownFileType = sourcecode.swift; path = ViewController.swift; sourceTree = "<group>"; };
		B152F9822D0692EF0043A93A /* Base */ = {isa = PBXFileReference; lastKnownFileType = file.storyboard; name = Base; path = Base.lproj/Main.storyboard; sourceTree = "<group>"; };
		B152F9842D0692F10043A93A /* Assets.xcassets */ = {isa = PBXFileReference; lastKnownFileType = folder.assetcatalog; path = Assets.xcassets; sourceTree = "<group>"; };
		B152F9872D0692F10043A93A /* Base */ = {isa = PBXFileReference; lastKnownFileType = file.storyboard; name = Base; path = Base.lproj/LaunchScreen.storyboard; sourceTree = "<group>"; };
		B152F9892D0692F10043A93A /* Info.plist */ = {isa = PBXFileReference; lastKnownFileType = text.plist.xml; path = Info.plist; sourceTree = "<group>"; };
		B152F98F2D0693750043A93A /* GoogleService-Info.plist */ = {isa = PBXFileReference; fileEncoding = 4; lastKnownFileType = text.plist.xml; name = "GoogleService-Info.plist"; path = "../../../Downloads/GoogleService-Info.plist"; sourceTree = "<group>"; };
		B1C681C12D0BBAAE0015EBF2 /* registerUserViewController.swift */ = {isa = PBXFileReference; lastKnownFileType = sourcecode.swift; path = registerUserViewController.swift; sourceTree = "<group>"; };
		B1C681C32D0BBAC50015EBF2 /* loginViewController.swift */ = {isa = PBXFileReference; lastKnownFileType = sourcecode.swift; path = loginViewController.swift; sourceTree = "<group>"; };
		B1C681C52D0BFD170015EBF2 /* HomeViewController.swift */ = {isa = PBXFileReference; lastKnownFileType = sourcecode.swift; path = HomeViewController.swift; sourceTree = "<group>"; };
		B1C681C72D0BFD580015EBF2 /* profileViewController.swift */ = {isa = PBXFileReference; lastKnownFileType = sourcecode.swift; path = profileViewController.swift; sourceTree = "<group>"; };
		B1C681C92D0C01940015EBF2 /* Tweet.swift */ = {isa = PBXFileReference; lastKnownFileType = sourcecode.swift; path = Tweet.swift; sourceTree = "<group>"; };
		B1C681CB2D0C19BB0015EBF2 /* TweetCellTableViewCell.swift */ = {isa = PBXFileReference; lastKnownFileType = sourcecode.swift; path = TweetCellTableViewCell.swift; sourceTree = "<group>"; };
/* End PBXFileReference section */

/* Begin PBXFrameworksBuildPhase section */
		B152F9752D0692EF0043A93A /* Frameworks */ = {
			isa = PBXFrameworksBuildPhase;
			buildActionMask = 2147483647;
			files = (
				B152F9972D0694B10043A93A /* FirebaseDatabase in Frameworks */,
				B1C681CF2D0C1B020015EBF2 /* Alamofire in Frameworks */,
				B152F99F2D0694B10043A93A /* FirebaseStorageCombine-Community in Frameworks */,
				B152F9992D0694B10043A93A /* FirebaseFirestore in Frameworks */,
				B152F9932D0694B10043A93A /* FirebaseAuth in Frameworks */,
				B152F99B2D0694B10043A93A /* FirebaseFirestoreCombine-Community in Frameworks */,
				B152F9952D0694B10043A93A /* FirebaseAuthCombine-Community in Frameworks */,
				B152F99D2D0694B10043A93A /* FirebaseStorage in Frameworks */,
			);
			runOnlyForDeploymentPostprocessing = 0;
		};
/* End PBXFrameworksBuildPhase section */

/* Begin PBXGroup section */
		B152F96F2D0692EF0043A93A = {
			isa = PBXGroup;
			children = (
				B152F97A2D0692EF0043A93A /* ChaskiAppPf */,
				B152F9792D0692EF0043A93A /* Products */,
			);
			sourceTree = "<group>";
		};
		B152F9792D0692EF0043A93A /* Products */ = {
			isa = PBXGroup;
			children = (
				B152F9782D0692EF0043A93A /* ChaskiAppPf.app */,
			);
			name = Products;
			sourceTree = "<group>";
		};
		B152F97A2D0692EF0043A93A /* ChaskiAppPf */ = {
			isa = PBXGroup;
			children = (
				B152F97B2D0692EF0043A93A /* AppDelegate.swift */,
				B152F97D2D0692EF0043A93A /* SceneDelegate.swift */,
				B152F97F2D0692EF0043A93A /* ViewController.swift */,
				B152F9812D0692EF0043A93A /* Main.storyboard */,
				B152F9842D0692F10043A93A /* Assets.xcassets */,
				B152F9862D0692F10043A93A /* LaunchScreen.storyboard */,
				B152F9892D0692F10043A93A /* Info.plist */,
				B152F98F2D0693750043A93A /* GoogleService-Info.plist */,
				B1C681C12D0BBAAE0015EBF2 /* registerUserViewController.swift */,
				B1C681C32D0BBAC50015EBF2 /* loginViewController.swift */,
				B1C681C52D0BFD170015EBF2 /* HomeViewController.swift */,
				B1C681C72D0BFD580015EBF2 /* profileViewController.swift */,
				B1C681C92D0C01940015EBF2 /* Tweet.swift */,
				B1C681CB2D0C19BB0015EBF2 /* TweetCellTableViewCell.swift */,
			);
			path = ChaskiAppPf;
			sourceTree = "<group>";
		};
/* End PBXGroup section */

/* Begin PBXNativeTarget section */
		B152F9772D0692EF0043A93A /* ChaskiAppPf */ = {
			isa = PBXNativeTarget;
			buildConfigurationList = B152F98C2D0692F10043A93A /* Build configuration list for PBXNativeTarget "ChaskiAppPf" */;
			buildPhases = (
				B152F9742D0692EF0043A93A /* Sources */,
				B152F9752D0692EF0043A93A /* Frameworks */,
				B152F9762D0692EF0043A93A /* Resources */,
			);
			buildRules = (
			);
			dependencies = (
			);
			name = ChaskiAppPf;
			packageProductDependencies = (
				B152F9922D0694B10043A93A /* FirebaseAuth */,
				B152F9942D0694B10043A93A /* FirebaseAuthCombine-Community */,
				B152F9962D0694B10043A93A /* FirebaseDatabase */,
				B152F9982D0694B10043A93A /* FirebaseFirestore */,
				B152F99A2D0694B10043A93A /* FirebaseFirestoreCombine-Community */,
				B152F99C2D0694B10043A93A /* FirebaseStorage */,
				B152F99E2D0694B10043A93A /* FirebaseStorageCombine-Community */,
				B1C681CE2D0C1B020015EBF2 /* Alamofire */,
			);
			productName = ChaskiAppPf;
			productReference = B152F9782D0692EF0043A93A /* ChaskiAppPf.app */;
			productType = "com.apple.product-type.application";
		};
/* End PBXNativeTarget section */

/* Begin PBXProject section */
		B152F9702D0692EF0043A93A /* Project object */ = {
			isa = PBXProject;
			attributes = {
				BuildIndependentTargetsInParallel = 1;
				LastSwiftUpdateCheck = 1420;
				LastUpgradeCheck = 1420;
				TargetAttributes = {
					B152F9772D0692EF0043A93A = {
						CreatedOnToolsVersion = 14.2;
					};
				};
			};
			buildConfigurationList = B152F9732D0692EF0043A93A /* Build configuration list for PBXProject "ChaskiAppPf" */;
			compatibilityVersion = "Xcode 14.0";
			developmentRegion = en;
			hasScannedForEncodings = 0;
			knownRegions = (
				en,
				Base,
			);
			mainGroup = B152F96F2D0692EF0043A93A;
			packageReferences = (
				B152F9912D0694B10043A93A /* XCRemoteSwiftPackageReference "firebase-ios-sdk" */,
				B1C681CD2D0C1B020015EBF2 /* XCRemoteSwiftPackageReference "Alamofire" */,
			);
			productRefGroup = B152F9792D0692EF0043A93A /* Products */;
			projectDirPath = "";
			projectRoot = "";
			targets = (
				B152F9772D0692EF0043A93A /* ChaskiAppPf */,
			);
		};
/* End PBXProject section */

/* Begin PBXResourcesBuildPhase section */
		B152F9762D0692EF0043A93A /* Resources */ = {
			isa = PBXResourcesBuildPhase;
			buildActionMask = 2147483647;
			files = (
				B152F9882D0692F10043A93A /* LaunchScreen.storyboard in Resources */,
				B152F9902D0693750043A93A /* GoogleService-Info.plist in Resources */,
				B152F9852D0692F10043A93A /* Assets.xcassets in Resources */,
				B152F9832D0692EF0043A93A /* Main.storyboard in Resources */,
			);
			runOnlyForDeploymentPostprocessing = 0;
		};
/* End PBXResourcesBuildPhase section */

/* Begin PBXSourcesBuildPhase section */
		B152F9742D0692EF0043A93A /* Sources */ = {
			isa = PBXSourcesBuildPhase;
			buildActionMask = 2147483647;
			files = (
				B1C681CC2D0C19BB0015EBF2 /* TweetCellTableViewCell.swift in Sources */,
				B152F9802D0692EF0043A93A /* ViewController.swift in Sources */,
				B1C681C22D0BBAAE0015EBF2 /* registerUserViewController.swift in Sources */,
				B1C681C82D0BFD580015EBF2 /* profileViewController.swift in Sources */,
				B152F97C2D0692EF0043A93A /* AppDelegate.swift in Sources */,
				B152F97E2D0692EF0043A93A /* SceneDelegate.swift in Sources */,
				B1C681C42D0BBAC50015EBF2 /* loginViewController.swift in Sources */,
				B1C681C62D0BFD170015EBF2 /* HomeViewController.swift in Sources */,
				B1C681CA2D0C01940015EBF2 /* Tweet.swift in Sources */,
			);
			runOnlyForDeploymentPostprocessing = 0;
		};
/* End PBXSourcesBuildPhase section */

/* Begin PBXVariantGroup section */
		B152F9812D0692EF0043A93A /* Main.storyboard */ = {
			isa = PBXVariantGroup;
			children = (
				B152F9822D0692EF0043A93A /* Base */,
			);
			name = Main.storyboard;
			sourceTree = "<group>";
		};
		B152F9862D0692F10043A93A /* LaunchScreen.storyboard */ = {
			isa = PBXVariantGroup;
			children = (
				B152F9872D0692F10043A93A /* Base */,
			);
			name = LaunchScreen.storyboard;
			sourceTree = "<group>";
		};
/* End PBXVariantGroup section */

/* Begin XCBuildConfiguration section */
		B152F98A2D0692F10043A93A /* Debug */ = {
			isa = XCBuildConfiguration;
			buildSettings = {
				ALWAYS_SEARCH_USER_PATHS = NO;
				CLANG_ANALYZER_NONNULL = YES;
				CLANG_ANALYZER_NUMBER_OBJECT_CONVERSION = YES_AGGRESSIVE;
				CLANG_CXX_LANGUAGE_STANDARD = "gnu++20";
				CLANG_ENABLE_MODULES = YES;
				CLANG_ENABLE_OBJC_ARC = YES;
				CLANG_ENABLE_OBJC_WEAK = YES;
				CLANG_WARN_BLOCK_CAPTURE_AUTORELEASING = YES;
				CLANG_WARN_BOOL_CONVERSION = YES;
				CLANG_WARN_COMMA = YES;
				CLANG_WARN_CONSTANT_CONVERSION = YES;
				CLANG_WARN_DEPRECATED_OBJC_IMPLEMENTATIONS = YES;
				CLANG_WARN_DIRECT_OBJC_ISA_USAGE = YES_ERROR;
				CLANG_WARN_DOCUMENTATION_COMMENTS = YES;
				CLANG_WARN_EMPTY_BODY = YES;
				CLANG_WARN_ENUM_CONVERSION = YES;
				CLANG_WARN_INFINITE_RECURSION = YES;
				CLANG_WARN_INT_CONVERSION = YES;
				CLANG_WARN_NON_LITERAL_NULL_CONVERSION = YES;
				CLANG_WARN_OBJC_IMPLICIT_RETAIN_SELF = YES;
				CLANG_WARN_OBJC_LITERAL_CONVERSION = YES;
				CLANG_WARN_OBJC_ROOT_CLASS = YES_ERROR;
				CLANG_WARN_QUOTED_INCLUDE_IN_FRAMEWORK_HEADER = YES;
				CLANG_WARN_RANGE_LOOP_ANALYSIS = YES;
				CLANG_WARN_STRICT_PROTOTYPES = YES;
				CLANG_WARN_SUSPICIOUS_MOVE = YES;
				CLANG_WARN_UNGUARDED_AVAILABILITY = YES_AGGRESSIVE;
				CLANG_WARN_UNREACHABLE_CODE = YES;
				CLANG_WARN__DUPLICATE_METHOD_MATCH = YES;
				COPY_PHASE_STRIP = NO;
				DEBUG_INFORMATION_FORMAT = dwarf;
				ENABLE_STRICT_OBJC_MSGSEND = YES;
				ENABLE_TESTABILITY = YES;
				GCC_C_LANGUAGE_STANDARD = gnu11;
				GCC_DYNAMIC_NO_PIC = NO;
				GCC_NO_COMMON_BLOCKS = YES;
				GCC_OPTIMIZATION_LEVEL = 0;
				GCC_PREPROCESSOR_DEFINITIONS = (
					"DEBUG=1",
					"$(inherited)",
				);
				GCC_WARN_64_TO_32_BIT_CONVERSION = YES;
				GCC_WARN_ABOUT_RETURN_TYPE = YES_ERROR;
				GCC_WARN_UNDECLARED_SELECTOR = YES;
				GCC_WARN_UNINITIALIZED_AUTOS = YES_AGGRESSIVE;
				GCC_WARN_UNUSED_FUNCTION = YES;
				GCC_WARN_UNUSED_VARIABLE = YES;
				IPHONEOS_DEPLOYMENT_TARGET = 16.2;
				MTL_ENABLE_DEBUG_INFO = INCLUDE_SOURCE;
				MTL_FAST_MATH = YES;
				ONLY_ACTIVE_ARCH = YES;
				SDKROOT = iphoneos;
				SWIFT_ACTIVE_COMPILATION_CONDITIONS = DEBUG;
				SWIFT_OPTIMIZATION_LEVEL = "-Onone";
			};
			name = Debug;
		};
		B152F98B2D0692F10043A93A /* Release */ = {
			isa = XCBuildConfiguration;
			buildSettings = {
				ALWAYS_SEARCH_USER_PATHS = NO;
				CLANG_ANALYZER_NONNULL = YES;
				CLANG_ANALYZER_NUMBER_OBJECT_CONVERSION = YES_AGGRESSIVE;
				CLANG_CXX_LANGUAGE_STANDARD = "gnu++20";
				CLANG_ENABLE_MODULES = YES;
				CLANG_ENABLE_OBJC_ARC = YES;
				CLANG_ENABLE_OBJC_WEAK = YES;
				CLANG_WARN_BLOCK_CAPTURE_AUTORELEASING = YES;
				CLANG_WARN_BOOL_CONVERSION = YES;
				CLANG_WARN_COMMA = YES;
				CLANG_WARN_CONSTANT_CONVERSION = YES;
				CLANG_WARN_DEPRECATED_OBJC_IMPLEMENTATIONS = YES;
				CLANG_WARN_DIRECT_OBJC_ISA_USAGE = YES_ERROR;
				CLANG_WARN_DOCUMENTATION_COMMENTS = YES;
				CLANG_WARN_EMPTY_BODY = YES;
				CLANG_WARN_ENUM_CONVERSION = YES;
				CLANG_WARN_INFINITE_RECURSION = YES;
				CLANG_WARN_INT_CONVERSION = YES;
				CLANG_WARN_NON_LITERAL_NULL_CONVERSION = YES;
				CLANG_WARN_OBJC_IMPLICIT_RETAIN_SELF = YES;
				CLANG_WARN_OBJC_LITERAL_CONVERSION = YES;
				CLANG_WARN_OBJC_ROOT_CLASS = YES_ERROR;
				CLANG_WARN_QUOTED_INCLUDE_IN_FRAMEWORK_HEADER = YES;
				CLANG_WARN_RANGE_LOOP_ANALYSIS = YES;
				CLANG_WARN_STRICT_PROTOTYPES = YES;
				CLANG_WARN_SUSPICIOUS_MOVE = YES;
				CLANG_WARN_UNGUARDED_AVAILABILITY = YES_AGGRESSIVE;
				CLANG_WARN_UNREACHABLE_CODE = YES;
				CLANG_WARN__DUPLICATE_METHOD_MATCH = YES;
				COPY_PHASE_STRIP = NO;
				DEBUG_INFORMATION_FORMAT = "dwarf-with-dsym";
				ENABLE_NS_ASSERTIONS = NO;
				ENABLE_STRICT_OBJC_MSGSEND = YES;
				GCC_C_LANGUAGE_STANDARD = gnu11;
				GCC_NO_COMMON_BLOCKS = YES;
				GCC_WARN_64_TO_32_BIT_CONVERSION = YES;
				GCC_WARN_ABOUT_RETURN_TYPE = YES_ERROR;
				GCC_WARN_UNDECLARED_SELECTOR = YES;
				GCC_WARN_UNINITIALIZED_AUTOS = YES_AGGRESSIVE;
				GCC_WARN_UNUSED_FUNCTION = YES;
				GCC_WARN_UNUSED_VARIABLE = YES;
				IPHONEOS_DEPLOYMENT_TARGET = 16.2;
				MTL_ENABLE_DEBUG_INFO = NO;
				MTL_FAST_MATH = YES;
				SDKROOT = iphoneos;
				SWIFT_COMPILATION_MODE = wholemodule;
				SWIFT_OPTIMIZATION_LEVEL = "-O";
				VALIDATE_PRODUCT = YES;
			};
			name = Release;
		};
		B152F98D2D0692F10043A93A /* Debug */ = {
			isa = XCBuildConfiguration;
			buildSettings = {
				ASSETCATALOG_COMPILER_APPICON_NAME = AppIcon;
				ASSETCATALOG_COMPILER_GLOBAL_ACCENT_COLOR_NAME = AccentColor;
				CODE_SIGN_STYLE = Automatic;
				CURRENT_PROJECT_VERSION = 1;
				GENERATE_INFOPLIST_FILE = YES;
				INFOPLIST_FILE = ChaskiAppPf/Info.plist;
				INFOPLIST_KEY_UIApplicationSupportsIndirectInputEvents = YES;
				INFOPLIST_KEY_UILaunchStoryboardName = LaunchScreen;
				INFOPLIST_KEY_UIMainStoryboardFile = Main;
				INFOPLIST_KEY_UISupportedInterfaceOrientations_iPad = "UIInterfaceOrientationPortrait UIInterfaceOrientationPortraitUpsideDown UIInterfaceOrientationLandscapeLeft UIInterfaceOrientationLandscapeRight";
				INFOPLIST_KEY_UISupportedInterfaceOrientations_iPhone = "UIInterfaceOrientationPortrait UIInterfaceOrientationLandscapeLeft UIInterfaceOrientationLandscapeRight";
				LD_RUNPATH_SEARCH_PATHS = (
					"$(inherited)",
					"@executable_path/Frameworks",
				);
				MARKETING_VERSION = 1.0;
				PRODUCT_BUNDLE_IDENTIFIER = LLC.ChaskiAppPf;
				PRODUCT_NAME = "$(TARGET_NAME)";
				SWIFT_EMIT_LOC_STRINGS = YES;
				SWIFT_VERSION = 5.0;
				TARGETED_DEVICE_FAMILY = "1,2";
			};
			name = Debug;
		};
		B152F98E2D0692F10043A93A /* Release */ = {
			isa = XCBuildConfiguration;
			buildSettings = {
				ASSETCATALOG_COMPILER_APPICON_NAME = AppIcon;
				ASSETCATALOG_COMPILER_GLOBAL_ACCENT_COLOR_NAME = AccentColor;
				CODE_SIGN_STYLE = Automatic;
				CURRENT_PROJECT_VERSION = 1;
				GENERATE_INFOPLIST_FILE = YES;
				INFOPLIST_FILE = ChaskiAppPf/Info.plist;
				INFOPLIST_KEY_UIApplicationSupportsIndirectInputEvents = YES;
				INFOPLIST_KEY_UILaunchStoryboardName = LaunchScreen;
				INFOPLIST_KEY_UIMainStoryboardFile = Main;
				INFOPLIST_KEY_UISupportedInterfaceOrientations_iPad = "UIInterfaceOrientationPortrait UIInterfaceOrientationPortraitUpsideDown UIInterfaceOrientationLandscapeLeft UIInterfaceOrientationLandscapeRight";
				INFOPLIST_KEY_UISupportedInterfaceOrientations_iPhone = "UIInterfaceOrientationPortrait UIInterfaceOrientationLandscapeLeft UIInterfaceOrientationLandscapeRight";
				LD_RUNPATH_SEARCH_PATHS = (
					"$(inherited)",
					"@executable_path/Frameworks",
				);
				MARKETING_VERSION = 1.0;
				PRODUCT_BUNDLE_IDENTIFIER = LLC.ChaskiAppPf;
				PRODUCT_NAME = "$(TARGET_NAME)";
				SWIFT_EMIT_LOC_STRINGS = YES;
				SWIFT_VERSION = 5.0;
				TARGETED_DEVICE_FAMILY = "1,2";
			};
			name = Release;
		};
/* End XCBuildConfiguration section */

/* Begin XCConfigurationList section */
		B152F9732D0692EF0043A93A /* Build configuration list for PBXProject "ChaskiAppPf" */ = {
			isa = XCConfigurationList;
			buildConfigurations = (
				B152F98A2D0692F10043A93A /* Debug */,
				B152F98B2D0692F10043A93A /* Release */,
			);
			defaultConfigurationIsVisible = 0;
			defaultConfigurationName = Release;
		};
		B152F98C2D0692F10043A93A /* Build configuration list for PBXNativeTarget "ChaskiAppPf" */ = {
			isa = XCConfigurationList;
			buildConfigurations = (
				B152F98D2D0692F10043A93A /* Debug */,
				B152F98E2D0692F10043A93A /* Release */,
			);
			defaultConfigurationIsVisible = 0;
			defaultConfigurationName = Release;
		};
/* End XCConfigurationList section */

/* Begin XCRemoteSwiftPackageReference section */
		B152F9912D0694B10043A93A /* XCRemoteSwiftPackageReference "firebase-ios-sdk" */ = {
			isa = XCRemoteSwiftPackageReference;
			repositoryURL = "https://github.com/firebase/firebase-ios-sdk";
			requirement = {
				kind = upToNextMajorVersion;
				minimumVersion = 9.0.0;
			};
		};
		B1C681CD2D0C1B020015EBF2 /* XCRemoteSwiftPackageReference "Alamofire" */ = {
			isa = XCRemoteSwiftPackageReference;
			repositoryURL = "https://github.com/Alamofire/Alamofire.git";
			requirement = {
				kind = upToNextMajorVersion;
				minimumVersion = 5.0.0;
			};
		};
/* End XCRemoteSwiftPackageReference section */

/* Begin XCSwiftPackageProductDependency section */
		B152F9922D0694B10043A93A /* FirebaseAuth */ = {
			isa = XCSwiftPackageProductDependency;
			package = B152F9912D0694B10043A93A /* XCRemoteSwiftPackageReference "firebase-ios-sdk" */;
			productName = FirebaseAuth;
		};
		B152F9942D0694B10043A93A /* FirebaseAuthCombine-Community */ = {
			isa = XCSwiftPackageProductDependency;
			package = B152F9912D0694B10043A93A /* XCRemoteSwiftPackageReference "firebase-ios-sdk" */;
			productName = "FirebaseAuthCombine-Community";
		};
		B152F9962D0694B10043A93A /* FirebaseDatabase */ = {
			isa = XCSwiftPackageProductDependency;
			package = B152F9912D0694B10043A93A /* XCRemoteSwiftPackageReference "firebase-ios-sdk" */;
			productName = FirebaseDatabase;
		};
		B152F9982D0694B10043A93A /* FirebaseFirestore */ = {
			isa = XCSwiftPackageProductDependency;
			package = B152F9912D0694B10043A93A /* XCRemoteSwiftPackageReference "firebase-ios-sdk" */;
			productName = FirebaseFirestore;
		};
		B152F99A2D0694B10043A93A /* FirebaseFirestoreCombine-Community */ = {
			isa = XCSwiftPackageProductDependency;
			package = B152F9912D0694B10043A93A /* XCRemoteSwiftPackageReference "firebase-ios-sdk" */;
			productName = "FirebaseFirestoreCombine-Community";
		};
		B152F99C2D0694B10043A93A /* FirebaseStorage */ = {
			isa = XCSwiftPackageProductDependency;
			package = B152F9912D0694B10043A93A /* XCRemoteSwiftPackageReference "firebase-ios-sdk" */;
			productName = FirebaseStorage;
		};
		B152F99E2D0694B10043A93A /* FirebaseStorageCombine-Community */ = {
			isa = XCSwiftPackageProductDependency;
			package = B152F9912D0694B10043A93A /* XCRemoteSwiftPackageReference "firebase-ios-sdk" */;
			productName = "FirebaseStorageCombine-Community";
		};
		B1C681CE2D0C1B020015EBF2 /* Alamofire */ = {
			isa = XCSwiftPackageProductDependency;
			package = B1C681CD2D0C1B020015EBF2 /* XCRemoteSwiftPackageReference "Alamofire" */;
			productName = Alamofire;
		};
/* End XCSwiftPackageProductDependency section */
	};
	rootObject = B152F9702D0692EF0043A93A /* Project object */;
}
